Microsoft Visual Studio Solution File, Format Version 12.00
# Visual Studio Version 17
VisualStudioVersion = 17.5.2.0
MinimumVisualStudioVersion = 10.0.40219.1
Project("{FAE04EC0-301F-11D3-BF4B-00C04F79EFBC}") = "Pri.WebApi.DeSchakel.Core", "Pri.WebApi.DeSchakel.Core.csproj", "{E1A188B4-73DC-B398-5AA2-F7DE098649EC}"
EndProject
Global
	GlobalSection(SolutionConfigurationPlatforms) = preSolution
		Debug|Any CPU = Debug|Any CPU
		Release|Any CPU = Release|Any CPU
	EndGlobalSection
	GlobalSection(ProjectConfigurationPlatforms) = postSolution
		{E1A188B4-73DC-B398-5AA2-F7DE098649EC}.Debug|Any CPU.ActiveCfg = Debug|Any CPU
		{E1A188B4-73DC-B398-5AA2-F7DE098649EC}.Debug|Any CPU.Build.0 = Debug|Any CPU
		{E1A188B4-73DC-B398-5AA2-F7DE098649EC}.Release|Any CPU.ActiveCfg = Release|Any CPU
		{E1A188B4-73DC-B398-5AA2-F7DE098649EC}.Release|Any CPU.Build.0 = Release|Any CPU
	EndGlobalSection
	GlobalSection(SolutionProperties) = preSolution
		HideSolutionNode = FALSE
	EndGlobalSection
	GlobalSection(ExtensibilityGlobals) = postSolution
		SolutionGuid = {70584770-63B6-4B8B-A41C-2CD69604D609}
	EndGlobalSection
EndGlobal
